# This file is automatically @generated by Cargo.
# It is not intended for manual editing.
version = 4

[[package]]
name = "arrayref"
version = "0.3.9"
source = "registry+https://github.com/rust-lang/crates.io-index"
checksum = "76a2e8124351fda1ef8aaaa3bbd7ebbcb486bbcd4225aca0aa0d84bb2db8fecb"

[[package]]
name = "arrayvec"
version = "0.7.6"
source = "registry+https://github.com/rust-lang/crates.io-index"
checksum = "7c02d123df017efcdfbd739ef81735b36c5ba83ec3c59c80a9d7ecc718f92e50"

[[package]]
name = "assert2"
version = "0.3.15"
source = "registry+https://github.com/rust-lang/crates.io-index"
checksum = "d31fea2b6e18dfe892863c3a0a68f9e005b0195565f3d55b8612946ebca789cc"
dependencies = [
 "assert2-macros",
 "diff",
 "is-terminal",
 "yansi",
]

[[package]]
name = "assert2-macros"
version = "0.3.15"
source = "registry+https://github.com/rust-lang/crates.io-index"
checksum = "3c1ac052c642f6d94e4be0b33028b346b7ab809ea5432b584eb8859f12f7ad2c"
dependencies = [
 "proc-macro2",
 "quote",
 "rustc_version 0.4.1",
 "syn",
]

[[package]]
name = "autocfg"
version = "0.1.8"
source = "registry+https://github.com/rust-lang/crates.io-index"
checksum = "0dde43e75fd43e8a1bf86103336bc699aa8d17ad1be60c76c0bdfd4828e19b78"
dependencies = [
 "autocfg 1.4.0",
]

[[package]]
name = "autocfg"
version = "1.4.0"
source = "registry+https://github.com/rust-lang/crates.io-index"
checksum = "ace50bade8e6234aa140d9a2f552bbee1db4d353f69b8217bc503490fc1a9f26"

[[package]]
name = "az"
version = "1.2.1"
source = "registry+https://github.com/rust-lang/crates.io-index"
checksum = "7b7e4c2464d97fe331d41de9d5db0def0a96f4d823b8b32a2efd503578988973"

[[package]]
name = "bitflags"
version = "1.3.2"
source = "registry+https://github.com/rust-lang/crates.io-index"
checksum = "bef38d45163c2f1dde094a7dfd33ccf595c92905c8f8f4fdc18d06fb1037718a"

[[package]]
name = "blake3"
version = "1.8.2"
source = "registry+https://github.com/rust-lang/crates.io-index"
checksum = "3888aaa89e4b2a40fca9848e400f6a658a5a3978de7be858e209cafa8be9a4a0"
dependencies = [
 "arrayref",
 "arrayvec",
 "cc",
 "cfg-if",
 "constant_time_eq",
]

[[package]]
name = "bytemuck"
version = "1.22.0"
source = "registry+https://github.com/rust-lang/crates.io-index"
checksum = "b6b1fc10dbac614ebc03540c9dbd60e83887fda27794998c6528f1782047d540"
dependencies = [
 "bytemuck_derive",
]

[[package]]
name = "bytemuck_derive"
version = "1.9.3"
source = "registry+https://github.com/rust-lang/crates.io-index"
checksum = "7ecc273b49b3205b83d648f0690daa588925572cc5063745bfe547fe7ec8e1a1"
dependencies = [
 "proc-macro2",
 "quote",
 "syn",
]

[[package]]
name = "cc"
version = "1.2.19"
source = "registry+https://github.com/rust-lang/crates.io-index"
checksum = "8e3a13707ac958681c13b39b458c073d0d9bc8a22cb1b2f4c8e55eb72c13f362"
dependencies = [
 "shlex",
]

[[package]]
name = "cfg-if"
version = "1.0.0"
source = "registry+https://github.com/rust-lang/crates.io-index"
checksum = "baf1de4339761588bc0619e3cbc0120ee582ebb74b53b4efbf79117bd2da40fd"

[[package]]
name = "cloudabi"
version = "0.0.3"
source = "registry+https://github.com/rust-lang/crates.io-index"
checksum = "ddfc5b9aa5d4507acaf872de71051dfd0e309860e88966e1051e462a077aac4f"
dependencies = [
 "bitflags",
]

[[package]]
name = "coe-rs"
version = "0.1.2"
source = "registry+https://github.com/rust-lang/crates.io-index"
checksum = "7e8f1e641542c07631228b1e0dc04b69ae3c1d58ef65d5691a439711d805c698"

[[package]]
name = "constant_time_eq"
version = "0.3.1"
source = "registry+https://github.com/rust-lang/crates.io-index"
checksum = "7c74b8349d32d297c9134b8c88677813a227df8f779daa29bfc29c183fe3dca6"

[[package]]
name = "crossbeam-deque"
version = "0.8.6"
source = "registry+https://github.com/rust-lang/crates.io-index"
checksum = "9dd111b7b7f7d55b72c0a6ae361660ee5853c9af73f70c3c2ef6858b950e2e51"
dependencies = [
 "crossbeam-epoch",
 "crossbeam-utils",
]

[[package]]
name = "crossbeam-epoch"
version = "0.9.18"
source = "registry+https://github.com/rust-lang/crates.io-index"
checksum = "5b82ac4a3c2ca9c3460964f020e1402edd5753411d7737aa39c3714ad1b5420e"
dependencies = [
 "crossbeam-utils",
]

[[package]]
name = "crossbeam-utils"
version = "0.8.21"
source = "registry+https://github.com/rust-lang/crates.io-index"
checksum = "d0a5c400df2834b80a4c3327b3aad3a4c4cd4de0629063962b03235697506a28"

[[package]]
name = "crunchy"
version = "0.2.3"
source = "registry+https://github.com/rust-lang/crates.io-index"
checksum = "43da5946c66ffcc7745f48db692ffbb10a83bfe0afd96235c5c2a4fb23994929"

[[package]]
name = "dbgf"
version = "0.1.2"
source = "registry+https://github.com/rust-lang/crates.io-index"
checksum = "e6ca96b45ca70b8045e0462f191bd209fcb3c3bfe8dbfb1257ada54c4dd59169"

[[package]]
name = "diff"
version = "0.1.13"
source = "registry+https://github.com/rust-lang/crates.io-index"
checksum = "56254986775e3233ffa9c4d7d3faaf6d36a2c09d30b20687e9f88bc8bafc16c8"

[[package]]
name = "dyn-stack"
version = "0.10.0"
source = "registry+https://github.com/rust-lang/crates.io-index"
checksum = "56e53799688f5632f364f8fb387488dd05db9fe45db7011be066fc20e7027f8b"
dependencies = [
 "bytemuck",
 "reborrow",
]

[[package]]
name = "either"
version = "1.15.0"
source = "registry+https://github.com/rust-lang/crates.io-index"
checksum = "48c757948c5ede0e46177b7add2e67155f70e33c07fea8284df6576da70b3719"

[[package]]
name = "faer"
version = "0.15.0"
source = "registry+https://github.com/rust-lang/crates.io-index"
checksum = "31bba601a75b39da36fae2e92186f9db83cb7c63a8271cf1dc489c1de7380cbb"
dependencies = [
 "coe-rs",
 "dbgf",
 "dyn-stack",
 "faer-cholesky",
 "faer-core",
 "faer-evd",
 "faer-lu",
 "faer-qr",
 "faer-svd",
 "matrixcompare",
 "num-complex",
 "pulp",
 "reborrow",
]

[[package]]
name = "faer-cholesky"
version = "0.15.0"
source = "registry+https://github.com/rust-lang/crates.io-index"
checksum = "5ac614eed0cbf2cc05e3245052bbb196601884d6423672210cc0adf0c47fa328"
dependencies = [
 "bytemuck",
 "dyn-stack",
 "faer-core",
 "faer-entity",
 "num-complex",
 "num-traits",
 "pulp",
 "reborrow",
 "seq-macro",
]

[[package]]
name = "faer-core"
version = "0.15.0"
source = "registry+https://github.com/rust-lang/crates.io-index"
checksum = "c06958f8e82aefdf7564baa76f9094c36bcfdb2c1e69bd8097ff1f9e83c3c78d"
dependencies = [
 "assert2",
 "bytemuck",
 "coe-rs",
 "dyn-stack",
 "faer-entity",
 "gemm",
 "matrixcompare-core",
 "num-complex",
 "num-traits",
 "paste",
 "pulp",
 "rayon",
 "reborrow",
 "seq-macro",
]

[[package]]
name = "faer-entity"
version = "0.15.0"
source = "registry+https://github.com/rust-lang/crates.io-index"
checksum = "b5a909dcb9287b8f3e658c711ca93a4c5761262a6233dc6ac0230ba40bba9465"
dependencies = [
 "bytemuck",
 "coe-rs",
 "libm",
 "num-complex",
 "num-traits",
 "pulp",
 "reborrow",
]

[[package]]
name = "faer-evd"
version = "0.15.0"
source = "registry+https://github.com/rust-lang/crates.io-index"
checksum = "ae1e892668c4b1ed2a8df9a2f696ee4055b1cb1366f8926177f4d64c8e56b214"
dependencies = [
 "bytemuck",
 "coe-rs",
 "dyn-stack",
 "faer-core",
 "faer-entity",
 "faer-qr",
 "libm",
 "num-complex",
 "num-traits",
 "pulp",
 "reborrow",
]

[[package]]
name = "faer-lu"
version = "0.15.0"
source = "registry+https://github.com/rust-lang/crates.io-index"
checksum = "25efab53c8d22da197966185f3d3e2d70d3d65215efec4c50268e9bcadb755b8"
dependencies = [
 "bytemuck",
 "coe-rs",
 "dyn-stack",
 "faer-core",
 "faer-entity",
 "hurdles",
 "num-complex",
 "num-traits",
 "paste",
 "pulp",
 "rayon",
 "reborrow",
]

[[package]]
name = "faer-qr"
version = "0.15.0"
source = "registry+https://github.com/rust-lang/crates.io-index"
checksum = "a04e83ae623f2d42d4f61dc555942e78bc08669330ce9010dbbfc3655a8206a0"
dependencies = [
 "bytemuck",
 "coe-rs",
 "dyn-stack",
 "faer-core",
 "faer-entity",
 "num-complex",
 "num-traits",
 "pulp",
 "rayon",
 "reborrow",
]

[[package]]
name = "faer-svd"
version = "0.15.0"
source = "registry+https://github.com/rust-lang/crates.io-index"
checksum = "b0da6648b7bd79a8ca835d8d92674eff978610733ef6ba8238045c3c0e3c8151"
dependencies = [
 "bytemuck",
 "coe-rs",
 "dyn-stack",
 "faer-core",
 "faer-entity",
 "faer-qr",
 "num-complex",
 "num-traits",
 "pulp",
 "reborrow",
]

[[package]]
name = "fuchsia-cprng"
version = "0.1.1"
source = "registry+https://github.com/rust-lang/crates.io-index"
checksum = "a06f77d526c1a601b7c4cdd98f54b5eaabffc14d5f2f0296febdc7f357c6d3ba"

[[package]]
name = "gemm"
version = "0.16.15"
source = "registry+https://github.com/rust-lang/crates.io-index"
checksum = "5b3afa707040531a7527477fd63a81ea4f6f3d26037a2f96776e57fb843b258e"
dependencies = [
 "dyn-stack",
 "gemm-c32",
 "gemm-c64",
 "gemm-common",
 "gemm-f16",
 "gemm-f32",
 "gemm-f64",
 "num-complex",
 "num-traits",
 "paste",
 "raw-cpuid",
 "seq-macro",
]

[[package]]
name = "gemm-c32"
version = "0.16.15"
source = "registry+https://github.com/rust-lang/crates.io-index"
checksum = "1cc3973a4c30c73f26a099113953d0c772bb17ee2e07976c0a06b8fe1f38a57d"
dependencies = [
 "dyn-stack",
 "gemm-common",
 "num-complex",
 "num-traits",
 "paste",
 "raw-cpuid",
 "seq-macro",
]

[[package]]
name = "gemm-c64"
version = "0.16.15"
source = "registry+https://github.com/rust-lang/crates.io-index"
checksum = "30362894b93dada374442cb2edf4512ddf19513c9bec88e06a445bcb6b22e64f"
dependencies = [
 "dyn-stack",
 "gemm-common",
 "num-complex",
 "num-traits",
 "paste",
 "raw-cpuid",
 "seq-macro",
]

[[package]]
name = "gemm-common"
version = "0.16.15"
source = "registry+https://github.com/rust-lang/crates.io-index"
checksum = "988499faa80566b046b4fee2c5f15af55b5a20c1fe8486b112ebb34efa045ad6"
dependencies = [
 "bytemuck",
 "dyn-stack",
 "half",
 "num-complex",
 "num-traits",
 "once_cell",
 "paste",
 "pulp",
 "raw-cpuid",
 "rayon",
 "seq-macro",
]

[[package]]
name = "gemm-f16"
version = "0.16.15"
source = "registry+https://github.com/rust-lang/crates.io-index"
checksum = "d6cf2854a12371684c38d9a865063a27661812a3ff5803454c5742e8f5a388ce"
dependencies = [
 "dyn-stack",
 "gemm-common",
 "gemm-f32",
 "half",
 "num-complex",
 "num-traits",
 "paste",
 "raw-cpuid",
 "rayon",
 "seq-macro",
]

[[package]]
name = "gemm-f32"
version = "0.16.15"
source = "registry+https://github.com/rust-lang/crates.io-index"
checksum = "0bc84003cf6d950a7c7ca714ad6db281b6cef5c7d462f5cd9ad90ea2409c7227"
dependencies = [
 "dyn-stack",
 "gemm-common",
 "num-complex",
 "num-traits",
 "paste",
 "raw-cpuid",
 "seq-macro",
]

[[package]]
name = "gemm-f64"
version = "0.16.15"
source = "registry+https://github.com/rust-lang/crates.io-index"
checksum = "35187ef101a71eed0ecd26fb4a6255b4192a12f1c5335f3a795698f2d9b6cf33"
dependencies = [
 "dyn-stack",
 "gemm-common",
 "num-complex",
 "num-traits",
 "paste",
 "raw-cpuid",
 "seq-macro",
]

[[package]]
name = "gmp-mpfr-sys"
version = "1.6.5"
source = "registry+https://github.com/rust-lang/crates.io-index"
checksum = "c66d61197a68f6323b9afa616cf83d55d69191e1bf364d4eb7d35ae18defe776"
dependencies = [
 "libc",
 "windows-sys",
]

[[package]]
name = "half"
version = "2.6.0"
source = "registry+https://github.com/rust-lang/crates.io-index"
checksum = "459196ed295495a68f7d7fe1d84f6c4b7ff0e21fe3017b2f283c6fac3ad803c9"
dependencies = [
 "bytemuck",
 "cfg-if",
 "crunchy",
 "num-traits",
]

[[package]]
name = "hermit-abi"
version = "0.5.0"
source = "registry+https://github.com/rust-lang/crates.io-index"
checksum = "fbd780fe5cc30f81464441920d82ac8740e2e46b29a6fad543ddd075229ce37e"

[[package]]
name = "hurdles"
version = "1.0.1"
source = "registry+https://github.com/rust-lang/crates.io-index"
checksum = "7ba5e73f01210432a38cc5759c70ebd0ec3281891f3895a5aa01d70bd168f9c4"
dependencies = [
 "parking_lot_core",
]

[[package]]
name = "is-terminal"
version = "0.4.16"
source = "registry+https://github.com/rust-lang/crates.io-index"
checksum = "e04d7f318608d35d4b61ddd75cbdaee86b023ebe2bd5a66ee0915f0bf93095a9"
dependencies = [
 "hermit-abi",
 "libc",
 "windows-sys",
]

[[package]]
name = "libc"
version = "0.2.172"
source = "registry+https://github.com/rust-lang/crates.io-index"
checksum = "d750af042f7ef4f724306de029d18836c26c1765a54a6a3f094cbd23a7267ffa"

[[package]]
name = "libm"
version = "0.2.13"
source = "registry+https://github.com/rust-lang/crates.io-index"
checksum = "c9627da5196e5d8ed0b0495e61e518847578da83483c37288316d9b2e03a7f72"

[[package]]
name = "matrixcompare"
version = "0.3.0"
source = "registry+https://github.com/rust-lang/crates.io-index"
checksum = "37832ba820e47c93d66b4360198dccb004b43c74abc3ac1ce1fed54e65a80445"
dependencies = [
 "matrixcompare-core",
 "num-traits",
]

[[package]]
name = "matrixcompare-core"
version = "0.1.0"
source = "registry+https://github.com/rust-lang/crates.io-index"
checksum = "b0bdabb30db18805d5290b3da7ceaccbddba795620b86c02145d688e04900a73"

[[package]]
name = "maybe-uninit"
version = "2.0.0"
source = "registry+https://github.com/rust-lang/crates.io-index"
checksum = "60302e4db3a61da70c0cb7991976248362f30319e88850c487b9b95bbf059e00"

[[package]]
name = "num-complex"
version = "0.4.6"
source = "registry+https://github.com/rust-lang/crates.io-index"
checksum = "73f88a1307638156682bada9d7604135552957b7818057dcef22705b4d509495"
dependencies = [
 "bytemuck",
 "num-traits",
]

[[package]]
name = "num-traits"
version = "0.2.19"
source = "registry+https://github.com/rust-lang/crates.io-index"
checksum = "071dfc062690e90b734c0b2273ce72ad0ffa95f0c74596bc250dcfd960262841"
dependencies = [
 "autocfg 1.4.0",
 "libm",
]

[[package]]
name = "once_cell"
version = "1.21.3"
source = "registry+https://github.com/rust-lang/crates.io-index"
checksum = "42f5e15c9953c5e4ccceeb2e7382a716482c34515315f7b03532b8b4e8393d2d"

[[package]]
name = "parking_lot_core"
version = "0.4.0"
source = "registry+https://github.com/rust-lang/crates.io-index"
checksum = "94c8c7923936b28d546dfd14d4472eaf34c99b14e1c973a32b3e6d4eb04298c9"
dependencies = [
 "libc",
 "rand",
 "rustc_version 0.2.3",
 "smallvec",
 "winapi",
]

[[package]]
name = "paste"
version = "1.0.15"
source = "registry+https://github.com/rust-lang/crates.io-index"
checksum = "57c0d7b74b563b49d38dae00a0c37d4d6de9b432382b2892f0574ddcae73fd0a"

[[package]]
name = "proc-macro2"
version = "1.0.95"
source = "registry+https://github.com/rust-lang/crates.io-index"
checksum = "02b3e5e68a3a1a02aad3ec490a98007cbc13c37cbe84a3cd7b8e406d76e7f778"
dependencies = [
 "unicode-ident",
]

[[package]]
name = "pulp"
version = "0.18.22"
source = "registry+https://github.com/rust-lang/crates.io-index"
checksum = "a0a01a0dc67cf4558d279f0c25b0962bd08fc6dec0137699eae304103e882fe6"
dependencies = [
 "bytemuck",
 "libm",
 "num-complex",
 "reborrow",
]

[[package]]
name = "quote"
version = "1.0.40"
source = "registry+https://github.com/rust-lang/crates.io-index"
checksum = "1885c039570dc00dcb4ff087a89e185fd56bae234ddc7f056a945bf36467248d"
dependencies = [
 "proc-macro2",
]

[[package]]
name = "rand"
version = "0.6.5"
source = "registry+https://github.com/rust-lang/crates.io-index"
checksum = "6d71dacdc3c88c1fde3885a3be3fbab9f35724e6ce99467f7d9c5026132184ca"
dependencies = [
 "autocfg 0.1.8",
 "libc",
 "rand_chacha",
 "rand_core 0.4.2",
 "rand_hc",
 "rand_isaac",
 "rand_jitter",
 "rand_os",
 "rand_pcg",
 "rand_xorshift",
 "winapi",
]

[[package]]
name = "rand_chacha"
version = "0.1.1"
source = "registry+https://github.com/rust-lang/crates.io-index"
checksum = "556d3a1ca6600bfcbab7c7c91ccb085ac7fbbcd70e008a98742e7847f4f7bcef"
dependencies = [
 "autocfg 0.1.8",
 "rand_core 0.3.1",
]

[[package]]
name = "rand_core"
version = "0.3.1"
source = "registry+https://github.com/rust-lang/crates.io-index"
checksum = "7a6fdeb83b075e8266dcc8762c22776f6877a63111121f5f8c7411e5be7eed4b"
dependencies = [
 "rand_core 0.4.2",
]

[[package]]
name = "rand_core"
version = "0.4.2"
source = "registry+https://github.com/rust-lang/crates.io-index"
checksum = "9c33a3c44ca05fa6f1807d8e6743f3824e8509beca625669633be0acbdf509dc"

[[package]]
name = "rand_hc"
version = "0.1.0"
source = "registry+https://github.com/rust-lang/crates.io-index"
checksum = "7b40677c7be09ae76218dc623efbf7b18e34bced3f38883af07bb75630a21bc4"
dependencies = [
 "rand_core 0.3.1",
]

[[package]]
name = "rand_isaac"
version = "0.1.1"
source = "registry+https://github.com/rust-lang/crates.io-index"
checksum = "ded997c9d5f13925be2a6fd7e66bf1872597f759fd9dd93513dd7e92e5a5ee08"
dependencies = [
 "rand_core 0.3.1",
]

[[package]]
name = "rand_jitter"
version = "0.1.4"
source = "registry+https://github.com/rust-lang/crates.io-index"
checksum = "1166d5c91dc97b88d1decc3285bb0a99ed84b05cfd0bc2341bdf2d43fc41e39b"
dependencies = [
 "libc",
 "rand_core 0.4.2",
 "winapi",
]

[[package]]
name = "rand_os"
version = "0.1.3"
source = "registry+https://github.com/rust-lang/crates.io-index"
checksum = "7b75f676a1e053fc562eafbb47838d67c84801e38fc1ba459e8f180deabd5071"
dependencies = [
 "cloudabi",
 "fuchsia-cprng",
 "libc",
 "rand_core 0.4.2",
 "rdrand",
 "winapi",
]

[[package]]
name = "rand_pcg"
version = "0.1.2"
source = "registry+https://github.com/rust-lang/crates.io-index"
checksum = "abf9b09b01790cfe0364f52bf32995ea3c39f4d2dd011eac241d2914146d0b44"
dependencies = [
 "autocfg 0.1.8",
 "rand_core 0.4.2",
]

[[package]]
name = "rand_xorshift"
version = "0.1.1"
source = "registry+https://github.com/rust-lang/crates.io-index"
checksum = "cbf7e9e623549b0e21f6e97cf8ecf247c1a8fd2e8a992ae265314300b2455d5c"
dependencies = [
 "rand_core 0.3.1",
]

[[package]]
name = "raw-cpuid"
version = "10.7.0"
source = "registry+https://github.com/rust-lang/crates.io-index"
checksum = "6c297679cb867470fa8c9f67dbba74a78d78e3e98d7cf2b08d6d71540f797332"
dependencies = [
 "bitflags",
]

[[package]]
name = "rayon"
version = "1.10.0"
source = "registry+https://github.com/rust-lang/crates.io-index"
checksum = "b418a60154510ca1a002a752ca9714984e21e4241e804d32555251faf8b78ffa"
dependencies = [
 "either",
 "rayon-core",
]

[[package]]
name = "rayon-core"
version = "1.12.1"
source = "registry+https://github.com/rust-lang/crates.io-index"
checksum = "1465873a3dfdaa8ae7cb14b4383657caab0b3e8a0aa9ae8e04b044854c8dfce2"
dependencies = [
 "crossbeam-deque",
 "crossbeam-utils",
]

[[package]]
name = "rdrand"
version = "0.4.0"
source = "registry+https://github.com/rust-lang/crates.io-index"
checksum = "678054eb77286b51581ba43620cc911abf02758c91f93f479767aed0f90458b2"
dependencies = [
 "rand_core 0.3.1",
]

[[package]]
name = "reborrow"
version = "0.5.5"
source = "registry+https://github.com/rust-lang/crates.io-index"
checksum = "03251193000f4bd3b042892be858ee50e8b3719f2b08e5833ac4353724632430"

[[package]]
name = "rug"
version = "1.27.0"
source = "registry+https://github.com/rust-lang/crates.io-index"
checksum = "4207e8d668e5b8eb574bda8322088ccd0d7782d3d03c7e8d562e82ed82bdcbc3"
dependencies = [
 "az",
 "gmp-mpfr-sys",
 "libc",
 "libm",
]

[[package]]
name = "rugmat"
version = "0.1.0"
dependencies = [
 "blake3",
 "faer",
 "gmp-mpfr-sys",
 "rayon",
 "rug",
]

[[package]]
name = "rustc_version"
version = "0.2.3"
source = "registry+https://github.com/rust-lang/crates.io-index"
checksum = "138e3e0acb6c9fb258b19b67cb8abd63c00679d2851805ea151465464fe9030a"
dependencies = [
 "semver 0.9.0",
]

[[package]]
name = "rustc_version"
version = "0.4.1"
source = "registry+https://github.com/rust-lang/crates.io-index"
checksum = "cfcb3a22ef46e85b45de6ee7e79d063319ebb6594faafcf1c225ea92ab6e9b92"
dependencies = [
 "semver 1.0.26",
]

[[package]]
name = "semver"
version = "0.9.0"
source = "registry+https://github.com/rust-lang/crates.io-index"
checksum = "1d7eb9ef2c18661902cc47e535f9bc51b78acd254da71d375c2f6720d9a40403"
dependencies = [
 "semver-parser",
]

[[package]]
name = "semver"
version = "1.0.26"
source = "registry+https://github.com/rust-lang/crates.io-index"
checksum = "56e6fa9c48d24d85fb3de5ad847117517440f6beceb7798af16b4a87d616b8d0"

[[package]]
name = "semver-parser"
version = "0.7.0"
source = "registry+https://github.com/rust-lang/crates.io-index"
checksum = "388a1df253eca08550bef6c72392cfe7c30914bf41df5269b68cbd6ff8f570a3"

[[package]]
name = "seq-macro"
version = "0.3.6"
source = "registry+https://github.com/rust-lang/crates.io-index"
checksum = "1bc711410fbe7399f390ca1c3b60ad0f53f80e95c5eb935e52268a0e2cd49acc"

[[package]]
name = "shlex"
version = "1.3.0"
source = "registry+https://github.com/rust-lang/crates.io-index"
checksum = "0fda2ff0d084019ba4d7c6f371c95d8fd75ce3524c3cb8fb653a3023f6323e64"

[[package]]
name = "smallvec"
version = "0.6.14"
source = "registry+https://github.com/rust-lang/crates.io-index"
checksum = "b97fcaeba89edba30f044a10c6a3cc39df9c3f17d7cd829dd1446cab35f890e0"
dependencies = [
 "maybe-uninit",
]

[[package]]
name = "syn"
version = "2.0.100"
source = "registry+https://github.com/rust-lang/crates.io-index"
checksum = "b09a44accad81e1ba1cd74a32461ba89dee89095ba17b32f5d03683b1b1fc2a0"
dependencies = [
 "proc-macro2",
 "quote",
 "unicode-ident",
]

[[package]]
name = "unicode-ident"
version = "1.0.18"
source = "registry+https://github.com/rust-lang/crates.io-index"
checksum = "5a5f39404a5da50712a4c1eecf25e90dd62b613502b7e925fd4e4d19b5c96512"

[[package]]
name = "winapi"
version = "0.3.9"
source = "registry+https://github.com/rust-lang/crates.io-index"
checksum = "5c839a674fcd7a98952e593242ea400abe93992746761e38641405d28b00f419"
dependencies = [
 "winapi-i686-pc-windows-gnu",
 "winapi-x86_64-pc-windows-gnu",
]

[[package]]
name = "winapi-i686-pc-windows-gnu"
version = "0.4.0"
source = "registry+https://github.com/rust-lang/crates.io-index"
checksum = "ac3b87c63620426dd9b991e5ce0329eff545bccbbb34f3be09ff6fb6ab51b7b6"

[[package]]
name = "winapi-x86_64-pc-windows-gnu"
version = "0.4.0"
source = "registry+https://github.com/rust-lang/crates.io-index"
checksum = "712e227841d057c1ee1cd2fb22fa7e5a5461ae8e48fa2ca79ec42cfc1931183f"

[[package]]
name = "windows-sys"
version = "0.59.0"
source = "registry+https://github.com/rust-lang/crates.io-index"
checksum = "1e38bc4d79ed67fd075bcc251a1c39b32a1776bbe92e5bef1f0bf1f8c531853b"
dependencies = [
 "windows-targets",
]

[[package]]
name = "windows-targets"
version = "0.52.6"
source = "registry+https://github.com/rust-lang/crates.io-index"
checksum = "9b724f72796e036ab90c1021d4780d4d3d648aca59e491e6b98e725b84e99973"
dependencies = [
 "windows_aarch64_gnullvm",
 "windows_aarch64_msvc",
 "windows_i686_gnu",
 "windows_i686_gnullvm",
 "windows_i686_msvc",
 "windows_x86_64_gnu",
 "windows_x86_64_gnullvm",
 "windows_x86_64_msvc",
]

[[package]]
name = "windows_aarch64_gnullvm"
version = "0.52.6"
source = "registry+https://github.com/rust-lang/crates.io-index"
checksum = "32a4622180e7a0ec044bb555404c800bc9fd9ec262ec147edd5989ccd0c02cd3"

[[package]]
name = "windows_aarch64_msvc"
version = "0.52.6"
source = "registry+https://github.com/rust-lang/crates.io-index"
checksum = "09ec2a7bb152e2252b53fa7803150007879548bc709c039df7627cabbd05d469"

[[package]]
name = "windows_i686_gnu"
version = "0.52.6"
source = "registry+https://github.com/rust-lang/crates.io-index"
checksum = "8e9b5ad5ab802e97eb8e295ac6720e509ee4c243f69d781394014ebfe8bbfa0b"

[[package]]
name = "windows_i686_gnullvm"
version = "0.52.6"
source = "registry+https://github.com/rust-lang/crates.io-index"
checksum = "0eee52d38c090b3caa76c563b86c3a4bd71ef1a819287c19d586d7334ae8ed66"

[[package]]
name = "windows_i686_msvc"
version = "0.52.6"
source = "registry+https://github.com/rust-lang/crates.io-index"
checksum = "240948bc05c5e7c6dabba28bf89d89ffce3e303022809e73deaefe4f6ec56c66"

[[package]]
name = "windows_x86_64_gnu"
version = "0.52.6"
source = "registry+https://github.com/rust-lang/crates.io-index"
checksum = "147a5c80aabfbf0c7d901cb5895d1de30ef2907eb21fbbab29ca94c5b08b1a78"

[[package]]
name = "windows_x86_64_gnullvm"
version = "0.52.6"
source = "registry+https://github.com/rust-lang/crates.io-index"
checksum = "24d5b23dc417412679681396f2b49f3de8c1473deb516bd34410872eff51ed0d"

[[package]]
name = "windows_x86_64_msvc"
version = "0.52.6"
source = "registry+https://github.com/rust-lang/crates.io-index"
checksum = "589f6da84c646204747d1270a2a5661ea66ed1cced2631d546fdfb155959f9ec"

[[package]]
name = "yansi"
version = "1.0.1"
source = "registry+https://github.com/rust-lang/crates.io-index"
checksum = "cfe53a6657fd280eaa890a3bc59152892ffa3e30101319d168b781ed6529b049"
